
Microsoft Visual Studio Solution File, Format Version 12.00
# Visual Studio Version 16
VisualStudioVersion = 16.0.30523.141
MinimumVisualStudioVersion = 10.0.40219.1
Project("{8BC9CEB8-8B4A-11D0-8D11-00A0C91BC942}") = "lab8.2", "lab8.2\lab8.2.vcxproj", "{519B8C32-71AA-4EC7-8164-8BA3CC9E3EBE}"
EndProject
Project("{8BC9CEB8-8B4A-11D0-8D11-00A0C91BC942}") = "test_lab8.2", "test_lab8.2\test_lab8.2.vcxproj", "{A1F1E046-1434-4C6C-A67F-46FFD677A89E}"
EndProject
Global
	GlobalSection(SolutionConfigurationPlatforms) = preSolution
		Debug|x64 = Debug|x64
		Debug|x86 = Debug|x86
		Release|x64 = Release|x64
		Release|x86 = Release|x86
	EndGlobalSection
	GlobalSection(ProjectConfigurationPlatforms) = postSolution
		{519B8C32-71AA-4EC7-8164-8BA3CC9E3EBE}.Debug|x64.ActiveCfg = Debug|x64
		{519B8C32-71AA-4EC7-8164-8BA3CC9E3EBE}.Debug|x64.Build.0 = Debug|x64
		{519B8C32-71AA-4EC7-8164-8BA3CC9E3EBE}.Debug|x86.ActiveCfg = Debug|Win32
		{519B8C32-71AA-4EC7-8164-8BA3CC9E3EBE}.Debug|x86.Build.0 = Debug|Win32
		{519B8C32-71AA-4EC7-8164-8BA3CC9E3EBE}.Release|x64.ActiveCfg = Release|x64
		{519B8C32-71AA-4EC7-8164-8BA3CC9E3EBE}.Release|x64.Build.0 = Release|x64
		{519B8C32-71AA-4EC7-8164-8BA3CC9E3EBE}.Release|x86.ActiveCfg = Release|Win32
		{519B8C32-71AA-4EC7-8164-8BA3CC9E3EBE}.Release|x86.Build.0 = Release|Win32
		{A1F1E046-1434-4C6C-A67F-46FFD677A89E}.Debug|x64.ActiveCfg = Debug|x64
		{A1F1E046-1434-4C6C-A67F-46FFD677A89E}.Debug|x64.Build.0 = Debug|x64
		{A1F1E046-1434-4C6C-A67F-46FFD677A89E}.Debug|x86.ActiveCfg = Debug|Win32
		{A1F1E046-1434-4C6C-A67F-46FFD677A89E}.Debug|x86.Build.0 = Debug|Win32
		{A1F1E046-1434-4C6C-A67F-46FFD677A89E}.Release|x64.ActiveCfg = Release|x64
		{A1F1E046-1434-4C6C-A67F-46FFD677A89E}.Release|x64.Build.0 = Release|x64
		{A1F1E046-1434-4C6C-A67F-46FFD677A89E}.Release|x86.ActiveCfg = Release|Win32
		{A1F1E046-1434-4C6C-A67F-46FFD677A89E}.Release|x86.Build.0 = Release|Win32
	EndGlobalSection
	GlobalSection(SolutionProperties) = preSolution
		HideSolutionNode = FALSE
	EndGlobalSection
	GlobalSection(ExtensibilityGlobals) = postSolution
		SolutionGuid = {59E061E1-F6E9-49A5-98A5-79D8197DA69D}
	EndGlobalSection
EndGlobal
